// !$*UTF8*$!
{
	archiveVersion = 1;
	classes = {
	};
	objectVersion = 50;
	objects = {

/* Begin PBXBuildFile section */
		2A552B57227E65A000A6EA92 /* GLOBAL.swift in Sources */ = {isa = PBXBuildFile; fileRef = 2A552B56227E65A000A6EA92 /* GLOBAL.swift */; };
		2A552B59227E7D9600A6EA92 /* SettingsTableViewController.swift in Sources */ = {isa = PBXBuildFile; fileRef = 2A552B58227E7D9600A6EA92 /* SettingsTableViewController.swift */; };
		2A552B5B227E7DB500A6EA92 /* SettingsModel.swift in Sources */ = {isa = PBXBuildFile; fileRef = 2A552B5A227E7DB500A6EA92 /* SettingsModel.swift */; };
		2A552B5D227E7F1800A6EA92 /* AddStockTableViewCell.swift in Sources */ = {isa = PBXBuildFile; fileRef = 2A552B5C227E7F1800A6EA92 /* AddStockTableViewCell.swift */; };
		2A552B61227E7F3800A6EA92 /* ModifyStockTableViewCell.swift in Sources */ = {isa = PBXBuildFile; fileRef = 2A552B60227E7F3800A6EA92 /* ModifyStockTableViewCell.swift */; };
		2A552B63227E85DF00A6EA92 /* MainTabBarController.swift in Sources */ = {isa = PBXBuildFile; fileRef = 2A552B62227E85DF00A6EA92 /* MainTabBarController.swift */; };
		2A552B65227E860A00A6EA92 /* MainModel.swift in Sources */ = {isa = PBXBuildFile; fileRef = 2A552B64227E860A00A6EA92 /* MainModel.swift */; };
		2A552B67227E87F600A6EA92 /* MyStocksTableViewController.swift in Sources */ = {isa = PBXBuildFile; fileRef = 2A552B66227E87F600A6EA92 /* MyStocksTableViewController.swift */; };
		2A552B69227E883400A6EA92 /* MyStocksModel.swift in Sources */ = {isa = PBXBuildFile; fileRef = 2A552B68227E883400A6EA92 /* MyStocksModel.swift */; };
		2A552B6B227E889F00A6EA92 /* PortfolioValueTableViewCell.swift in Sources */ = {isa = PBXBuildFile; fileRef = 2A552B6A227E889F00A6EA92 /* PortfolioValueTableViewCell.swift */; };
		2A552B6D227E88C800A6EA92 /* StockTableViewCell.swift in Sources */ = {isa = PBXBuildFile; fileRef = 2A552B6C227E88C800A6EA92 /* StockTableViewCell.swift */; };
		2A552B77227E95C500A6EA92 /* PortfolioValueViewController.swift in Sources */ = {isa = PBXBuildFile; fileRef = 2A552B76227E95C500A6EA92 /* PortfolioValueViewController.swift */; };
		2A552B79227E95E300A6EA92 /* StockDetailViewController.swift in Sources */ = {isa = PBXBuildFile; fileRef = 2A552B78227E95E300A6EA92 /* StockDetailViewController.swift */; };
		2A552B7C227E971A00A6EA92 /* PortfolioModel.swift in Sources */ = {isa = PBXBuildFile; fileRef = 2A552B7B227E971A00A6EA92 /* PortfolioModel.swift */; };
		2A552B7E227E973700A6EA92 /* StockDetailModel.swift in Sources */ = {isa = PBXBuildFile; fileRef = 2A552B7D227E973700A6EA92 /* StockDetailModel.swift */; };
		2A552B88227E990C00A6EA92 /* AddStockViewController.swift in Sources */ = {isa = PBXBuildFile; fileRef = 2A552B87227E990C00A6EA92 /* AddStockViewController.swift */; };
		2A552B8A227E991700A6EA92 /* AddStockModel.swift in Sources */ = {isa = PBXBuildFile; fileRef = 2A552B89227E991700A6EA92 /* AddStockModel.swift */; };
		2A552B92227E994A00A6EA92 /* ModifyStockModel.swift in Sources */ = {isa = PBXBuildFile; fileRef = 2A552B91227E994A00A6EA92 /* ModifyStockModel.swift */; };
		2A552B96227F472400A6EA92 /* AddStockResultsTableViewCell.swift in Sources */ = {isa = PBXBuildFile; fileRef = 2A552B95227F472400A6EA92 /* AddStockResultsTableViewCell.swift */; };
		2A552B98227F6CD300A6EA92 /* AddStockDetailViewController.swift in Sources */ = {isa = PBXBuildFile; fileRef = 2A552B97227F6CD300A6EA92 /* AddStockDetailViewController.swift */; };
		2A552B9A227F6CE300A6EA92 /* AddStockDetailModel.swift in Sources */ = {isa = PBXBuildFile; fileRef = 2A552B99227F6CE300A6EA92 /* AddStockDetailModel.swift */; };
		2A552B9E227FC30D00A6EA92 /* ModifyStockTableViewController.swift in Sources */ = {isa = PBXBuildFile; fileRef = 2A552B9D227FC30D00A6EA92 /* ModifyStockTableViewController.swift */; };
		2A552BA2227FCBE400A6EA92 /* ModifyTableViewCell.swift in Sources */ = {isa = PBXBuildFile; fileRef = 2A552BA1227FCBE400A6EA92 /* ModifyTableViewCell.swift */; };
		2AD1AF1D227B898E009BDA20 /* AppDelegate.swift in Sources */ = {isa = PBXBuildFile; fileRef = 2AD1AF1C227B898E009BDA20 /* AppDelegate.swift */; };
		2AD1AF22227B898E009BDA20 /* Main.storyboard in Resources */ = {isa = PBXBuildFile; fileRef = 2AD1AF20227B898E009BDA20 /* Main.storyboard */; };
		2AD1AF25227B898E009BDA20 /* FinalProject.xcdatamodeld in Sources */ = {isa = PBXBuildFile; fileRef = 2AD1AF23227B898E009BDA20 /* FinalProject.xcdatamodeld */; };
		2AD1AF27227B8990009BDA20 /* Assets.xcassets in Resources */ = {isa = PBXBuildFile; fileRef = 2AD1AF26227B8990009BDA20 /* Assets.xcassets */; };
		2AD1AF2A227B8990009BDA20 /* LaunchScreen.storyboard in Resources */ = {isa = PBXBuildFile; fileRef = 2AD1AF28227B8990009BDA20 /* LaunchScreen.storyboard */; };
		2AD1AF35227B8990009BDA20 /* FinalProjectTests.swift in Sources */ = {isa = PBXBuildFile; fileRef = 2AD1AF34227B8990009BDA20 /* FinalProjectTests.swift */; };
		2AD1AF40227B8990009BDA20 /* FinalProjectUITests.swift in Sources */ = {isa = PBXBuildFile; fileRef = 2AD1AF3F227B8990009BDA20 /* FinalProjectUITests.swift */; };
		2AD1AF4E227B8CCB009BDA20 /* SwiftyJSON.swift in Sources */ = {isa = PBXBuildFile; fileRef = 2AD1AF4D227B8CCA009BDA20 /* SwiftyJSON.swift */; };
		2AF48B8E227BE787005FBA98 /* Stock.swift in Sources */ = {isa = PBXBuildFile; fileRef = 2AF48B8D227BE787005FBA98 /* Stock.swift */; };
		2AF48B90227BE7E5005FBA98 /* StockHistory.swift in Sources */ = {isa = PBXBuildFile; fileRef = 2AF48B8F227BE7E5005FBA98 /* StockHistory.swift */; };
		2AF48B92227BF63B005FBA98 /* StockHistoryInterval.swift in Sources */ = {isa = PBXBuildFile; fileRef = 2AF48B91227BF63B005FBA98 /* StockHistoryInterval.swift */; };
/* End PBXBuildFile section */

/* Begin PBXContainerItemProxy section */
		2AD1AF31227B8990009BDA20 /* PBXContainerItemProxy */ = {
			isa = PBXContainerItemProxy;
			containerPortal = 2AD1AF11227B898E009BDA20 /* Project object */;
			proxyType = 1;
			remoteGlobalIDString = 2AD1AF18227B898E009BDA20;
			remoteInfo = FinalProject;
		};
		2AD1AF3C227B8990009BDA20 /* PBXContainerItemProxy */ = {
			isa = PBXContainerItemProxy;
			containerPortal = 2AD1AF11227B898E009BDA20 /* Project object */;
			proxyType = 1;
			remoteGlobalIDString = 2AD1AF18227B898E009BDA20;
			remoteInfo = FinalProject;
		};
/* End PBXContainerItemProxy section */

/* Begin PBXFileReference section */
		2A552B56227E65A000A6EA92 /* GLOBAL.swift */ = {isa = PBXFileReference; lastKnownFileType = sourcecode.swift; path = GLOBAL.swift; sourceTree = "<group>"; };
		2A552B58227E7D9600A6EA92 /* SettingsTableViewController.swift */ = {isa = PBXFileReference; lastKnownFileType = sourcecode.swift; path = SettingsTableViewController.swift; sourceTree = "<group>"; };
		2A552B5A227E7DB500A6EA92 /* SettingsModel.swift */ = {isa = PBXFileReference; lastKnownFileType = sourcecode.swift; path = SettingsModel.swift; sourceTree = "<group>"; };
		2A552B5C227E7F1800A6EA92 /* AddStockTableViewCell.swift */ = {isa = PBXFileReference; lastKnownFileType = sourcecode.swift; path = AddStockTableViewCell.swift; sourceTree = "<group>"; };
		2A552B60227E7F3800A6EA92 /* ModifyStockTableViewCell.swift */ = {isa = PBXFileReference; lastKnownFileType = sourcecode.swift; path = ModifyStockTableViewCell.swift; sourceTree = "<group>"; };
		2A552B62227E85DF00A6EA92 /* MainTabBarController.swift */ = {isa = PBXFileReference; lastKnownFileType = sourcecode.swift; path = MainTabBarController.swift; sourceTree = "<group>"; };
		2A552B64227E860A00A6EA92 /* MainModel.swift */ = {isa = PBXFileReference; lastKnownFileType = sourcecode.swift; path = MainModel.swift; sourceTree = "<group>"; };
		2A552B66227E87F600A6EA92 /* MyStocksTableViewController.swift */ = {isa = PBXFileReference; lastKnownFileType = sourcecode.swift; path = MyStocksTableViewController.swift; sourceTree = "<group>"; };
		2A552B68227E883400A6EA92 /* MyStocksModel.swift */ = {isa = PBXFileReference; lastKnownFileType = sourcecode.swift; path = MyStocksModel.swift; sourceTree = "<group>"; };
		2A552B6A227E889F00A6EA92 /* PortfolioValueTableViewCell.swift */ = {isa = PBXFileReference; lastKnownFileType = sourcecode.swift; path = PortfolioValueTableViewCell.swift; sourceTree = "<group>"; };
		2A552B6C227E88C800A6EA92 /* StockTableViewCell.swift */ = {isa = PBXFileReference; lastKnownFileType = sourcecode.swift; path = StockTableViewCell.swift; sourceTree = "<group>"; };
		2A552B76227E95C500A6EA92 /* PortfolioValueViewController.swift */ = {isa = PBXFileReference; lastKnownFileType = sourcecode.swift; path = PortfolioValueViewController.swift; sourceTree = "<group>"; };
		2A552B78227E95E300A6EA92 /* StockDetailViewController.swift */ = {isa = PBXFileReference; lastKnownFileType = sourcecode.swift; path = StockDetailViewController.swift; sourceTree = "<group>"; };
		2A552B7B227E971A00A6EA92 /* PortfolioModel.swift */ = {isa = PBXFileReference; lastKnownFileType = sourcecode.swift; path = PortfolioModel.swift; sourceTree = "<group>"; };
		2A552B7D227E973700A6EA92 /* StockDetailModel.swift */ = {isa = PBXFileReference; lastKnownFileType = sourcecode.swift; path = StockDetailModel.swift; sourceTree = "<group>"; };
		2A552B87227E990C00A6EA92 /* AddStockViewController.swift */ = {isa = PBXFileReference; lastKnownFileType = sourcecode.swift; path = AddStockViewController.swift; sourceTree = "<group>"; };
		2A552B89227E991700A6EA92 /* AddStockModel.swift */ = {isa = PBXFileReference; lastKnownFileType = sourcecode.swift; path = AddStockModel.swift; sourceTree = "<group>"; };
		2A552B91227E994A00A6EA92 /* ModifyStockModel.swift */ = {isa = PBXFileReference; lastKnownFileType = sourcecode.swift; path = ModifyStockModel.swift; sourceTree = "<group>"; };
		2A552B95227F472400A6EA92 /* AddStockResultsTableViewCell.swift */ = {isa = PBXFileReference; lastKnownFileType = sourcecode.swift; path = AddStockResultsTableViewCell.swift; sourceTree = "<group>"; };
		2A552B97227F6CD300A6EA92 /* AddStockDetailViewController.swift */ = {isa = PBXFileReference; lastKnownFileType = sourcecode.swift; path = AddStockDetailViewController.swift; sourceTree = "<group>"; };
		2A552B99227F6CE300A6EA92 /* AddStockDetailModel.swift */ = {isa = PBXFileReference; lastKnownFileType = sourcecode.swift; path = AddStockDetailModel.swift; sourceTree = "<group>"; };
		2A552B9D227FC30D00A6EA92 /* ModifyStockTableViewController.swift */ = {isa = PBXFileReference; lastKnownFileType = sourcecode.swift; path = ModifyStockTableViewController.swift; sourceTree = "<group>"; };
		2A552BA1227FCBE400A6EA92 /* ModifyTableViewCell.swift */ = {isa = PBXFileReference; lastKnownFileType = sourcecode.swift; path = ModifyTableViewCell.swift; sourceTree = "<group>"; };
		2AD1AF19227B898E009BDA20 /* FinalProject.app */ = {isa = PBXFileReference; explicitFileType = wrapper.application; includeInIndex = 0; path = FinalProject.app; sourceTree = BUILT_PRODUCTS_DIR; };
		2AD1AF1C227B898E009BDA20 /* AppDelegate.swift */ = {isa = PBXFileReference; lastKnownFileType = sourcecode.swift; path = AppDelegate.swift; sourceTree = "<group>"; };
		2AD1AF21227B898E009BDA20 /* Base */ = {isa = PBXFileReference; lastKnownFileType = file.storyboard; name = Base; path = Base.lproj/Main.storyboard; sourceTree = "<group>"; };
		2AD1AF24227B898E009BDA20 /* FinalProject.xcdatamodel */ = {isa = PBXFileReference; lastKnownFileType = wrapper.xcdatamodel; path = FinalProject.xcdatamodel; sourceTree = "<group>"; };
		2AD1AF26227B8990009BDA20 /* Assets.xcassets */ = {isa = PBXFileReference; lastKnownFileType = folder.assetcatalog; path = Assets.xcassets; sourceTree = "<group>"; };
		2AD1AF29227B8990009BDA20 /* Base */ = {isa = PBXFileReference; lastKnownFileType = file.storyboard; name = Base; path = Base.lproj/LaunchScreen.storyboard; sourceTree = "<group>"; };
		2AD1AF2B227B8990009BDA20 /* Info.plist */ = {isa = PBXFileReference; lastKnownFileType = text.plist.xml; path = Info.plist; sourceTree = "<group>"; };
		2AD1AF30227B8990009BDA20 /* FinalProjectTests.xctest */ = {isa = PBXFileReference; explicitFileType = wrapper.cfbundle; includeInIndex = 0; path = FinalProjectTests.xctest; sourceTree = BUILT_PRODUCTS_DIR; };
		2AD1AF34227B8990009BDA20 /* FinalProjectTests.swift */ = {isa = PBXFileReference; lastKnownFileType = sourcecode.swift; path = FinalProjectTests.swift; sourceTree = "<group>"; };
		2AD1AF36227B8990009BDA20 /* Info.plist */ = {isa = PBXFileReference; lastKnownFileType = text.plist.xml; path = Info.plist; sourceTree = "<group>"; };
		2AD1AF3B227B8990009BDA20 /* FinalProjectUITests.xctest */ = {isa = PBXFileReference; explicitFileType = wrapper.cfbundle; includeInIndex = 0; path = FinalProjectUITests.xctest; sourceTree = BUILT_PRODUCTS_DIR; };
		2AD1AF3F227B8990009BDA20 /* FinalProjectUITests.swift */ = {isa = PBXFileReference; lastKnownFileType = sourcecode.swift; path = FinalProjectUITests.swift; sourceTree = "<group>"; };
		2AD1AF41227B8990009BDA20 /* Info.plist */ = {isa = PBXFileReference; lastKnownFileType = text.plist.xml; path = Info.plist; sourceTree = "<group>"; };
		2AD1AF4D227B8CCA009BDA20 /* SwiftyJSON.swift */ = {isa = PBXFileReference; fileEncoding = 4; lastKnownFileType = sourcecode.swift; path = SwiftyJSON.swift; sourceTree = "<group>"; };
		2AF48B8D227BE787005FBA98 /* Stock.swift */ = {isa = PBXFileReference; fileEncoding = 4; lastKnownFileType = sourcecode.swift; path = Stock.swift; sourceTree = "<group>"; };
		2AF48B8F227BE7E5005FBA98 /* StockHistory.swift */ = {isa = PBXFileReference; lastKnownFileType = sourcecode.swift; path = StockHistory.swift; sourceTree = "<group>"; };
		2AF48B91227BF63B005FBA98 /* StockHistoryInterval.swift */ = {isa = PBXFileReference; lastKnownFileType = sourcecode.swift; path = StockHistoryInterval.swift; sourceTree = "<group>"; };
/* End PBXFileReference section */

/* Begin PBXFrameworksBuildPhase section */
		2AD1AF16227B898E009BDA20 /* Frameworks */ = {
			isa = PBXFrameworksBuildPhase;
			buildActionMask = 2147483647;
			files = (
			);
			runOnlyForDeploymentPostprocessing = 0;
		};
		2AD1AF2D227B8990009BDA20 /* Frameworks */ = {
			isa = PBXFrameworksBuildPhase;
			buildActionMask = 2147483647;
			files = (
			);
			runOnlyForDeploymentPostprocessing = 0;
		};
		2AD1AF38227B8990009BDA20 /* Frameworks */ = {
			isa = PBXFrameworksBuildPhase;
			buildActionMask = 2147483647;
			files = (
			);
			runOnlyForDeploymentPostprocessing = 0;
		};
/* End PBXFrameworksBuildPhase section */

/* Begin PBXGroup section */
		2A552B6E227E8A7000A6EA92 /* StockClasses */ = {
			isa = PBXGroup;
			children = (
				2AF48B91227BF63B005FBA98 /* StockHistoryInterval.swift */,
				2AF48B8D227BE787005FBA98 /* Stock.swift */,
				2AF48B8F227BE7E5005FBA98 /* StockHistory.swift */,
			);
			path = StockClasses;
			sourceTree = "<group>";
		};
		2A552B6F227E8AC700A6EA92 /* Settings */ = {
			isa = PBXGroup;
			children = (
				2A552B84227E98CA00A6EA92 /* AddStock */,
				2A552B86227E98E100A6EA92 /* ModifyStock */,
				2A552B70227E8AF100A6EA92 /* TableView */,
			);
			path = Settings;
			sourceTree = "<group>";
		};
		2A552B70227E8AF100A6EA92 /* TableView */ = {
			isa = PBXGroup;
			children = (
				2A552B71227E8B0C00A6EA92 /* Cells */,
				2A552B5A227E7DB500A6EA92 /* SettingsModel.swift */,
				2A552B58227E7D9600A6EA92 /* SettingsTableViewController.swift */,
			);
			path = TableView;
			sourceTree = "<group>";
		};
		2A552B71227E8B0C00A6EA92 /* Cells */ = {
			isa = PBXGroup;
			children = (
				2A552B5C227E7F1800A6EA92 /* AddStockTableViewCell.swift */,
				2A552B60227E7F3800A6EA92 /* ModifyStockTableViewCell.swift */,
			);
			path = Cells;
			sourceTree = "<group>";
		};
		2A552B72227E8B9E00A6EA92 /* MyStocks */ = {
			isa = PBXGroup;
			children = (
				2A552B83227E985400A6EA92 /* StockDetail */,
				2A552B7A227E96F300A6EA92 /* Portfolio */,
				2A552B73227E8BC200A6EA92 /* TabelView */,
			);
			path = MyStocks;
			sourceTree = "<group>";
		};
		2A552B73227E8BC200A6EA92 /* TabelView */ = {
			isa = PBXGroup;
			children = (
				2A552B66227E87F600A6EA92 /* MyStocksTableViewController.swift */,
				2A552B68227E883400A6EA92 /* MyStocksModel.swift */,
				2A552B74227E8BD400A6EA92 /* Cells */,
			);
			path = TabelView;
			sourceTree = "<group>";
		};
		2A552B74227E8BD400A6EA92 /* Cells */ = {
			isa = PBXGroup;
			children = (
				2A552B6A227E889F00A6EA92 /* PortfolioValueTableViewCell.swift */,
				2A552B6C227E88C800A6EA92 /* StockTableViewCell.swift */,
			);
			path = Cells;
			sourceTree = "<group>";
		};
		2A552B75227E8C1300A6EA92 /* Misc. */ = {
			isa = PBXGroup;
			children = (
				2AD1AF4D227B8CCA009BDA20 /* SwiftyJSON.swift */,
				2A552B56227E65A000A6EA92 /* GLOBAL.swift */,
			);
			path = Misc.;
			sourceTree = "<group>";
		};
		2A552B7A227E96F300A6EA92 /* Portfolio */ = {
			isa = PBXGroup;
			children = (
				2A552B76227E95C500A6EA92 /* PortfolioValueViewController.swift */,
				2A552B7B227E971A00A6EA92 /* PortfolioModel.swift */,
			);
			path = Portfolio;
			sourceTree = "<group>";
		};
		2A552B83227E985400A6EA92 /* StockDetail */ = {
			isa = PBXGroup;
			children = (
				2A552B7D227E973700A6EA92 /* StockDetailModel.swift */,
				2A552B78227E95E300A6EA92 /* StockDetailViewController.swift */,
			);
			path = StockDetail;
			sourceTree = "<group>";
		};
		2A552B84227E98CA00A6EA92 /* AddStock */ = {
			isa = PBXGroup;
			children = (
				2A552B9B227F72E400A6EA92 /* Search */,
				2A552B9C227F730300A6EA92 /* Detail */,
			);
			path = AddStock;
			sourceTree = "<group>";
		};
		2A552B86227E98E100A6EA92 /* ModifyStock */ = {
			isa = PBXGroup;
			children = (
				2A552B9D227FC30D00A6EA92 /* ModifyStockTableViewController.swift */,
				2A552BA1227FCBE400A6EA92 /* ModifyTableViewCell.swift */,
				2A552B91227E994A00A6EA92 /* ModifyStockModel.swift */,
			);
			path = ModifyStock;
			sourceTree = "<group>";
		};
		2A552B9B227F72E400A6EA92 /* Search */ = {
			isa = PBXGroup;
			children = (
				2A552B87227E990C00A6EA92 /* AddStockViewController.swift */,
				2A552B89227E991700A6EA92 /* AddStockModel.swift */,
				2A552B95227F472400A6EA92 /* AddStockResultsTableViewCell.swift */,
			);
			path = Search;
			sourceTree = "<group>";
		};
		2A552B9C227F730300A6EA92 /* Detail */ = {
			isa = PBXGroup;
			children = (
				2A552B97227F6CD300A6EA92 /* AddStockDetailViewController.swift */,
				2A552B99227F6CE300A6EA92 /* AddStockDetailModel.swift */,
			);
			path = Detail;
			sourceTree = "<group>";
		};
		2AD1AF10227B898E009BDA20 = {
			isa = PBXGroup;
			children = (
				2AD1AF1B227B898E009BDA20 /* FinalProject */,
				2AD1AF33227B8990009BDA20 /* FinalProjectTests */,
				2AD1AF3E227B8990009BDA20 /* FinalProjectUITests */,
				2AD1AF1A227B898E009BDA20 /* Products */,
			);
			sourceTree = "<group>";
		};
		2AD1AF1A227B898E009BDA20 /* Products */ = {
			isa = PBXGroup;
			children = (
				2AD1AF19227B898E009BDA20 /* FinalProject.app */,
				2AD1AF30227B8990009BDA20 /* FinalProjectTests.xctest */,
				2AD1AF3B227B8990009BDA20 /* FinalProjectUITests.xctest */,
			);
			name = Products;
			sourceTree = "<group>";
		};
		2AD1AF1B227B898E009BDA20 /* FinalProject */ = {
			isa = PBXGroup;
			children = (
				2AD1AF1C227B898E009BDA20 /* AppDelegate.swift */,
				2AD1AF20227B898E009BDA20 /* Main.storyboard */,
				2A552B62227E85DF00A6EA92 /* MainTabBarController.swift */,
				2A552B64227E860A00A6EA92 /* MainModel.swift */,
				2A552B6E227E8A7000A6EA92 /* StockClasses */,
				2A552B72227E8B9E00A6EA92 /* MyStocks */,
				2A552B6F227E8AC700A6EA92 /* Settings */,
				2A552B75227E8C1300A6EA92 /* Misc. */,
				2AD1AF26227B8990009BDA20 /* Assets.xcassets */,
				2AD1AF28227B8990009BDA20 /* LaunchScreen.storyboard */,
				2AD1AF2B227B8990009BDA20 /* Info.plist */,
				2AD1AF23227B898E009BDA20 /* FinalProject.xcdatamodeld */,
			);
			path = FinalProject;
			sourceTree = "<group>";
		};
		2AD1AF33227B8990009BDA20 /* FinalProjectTests */ = {
			isa = PBXGroup;
			children = (
				2AD1AF34227B8990009BDA20 /* FinalProjectTests.swift */,
				2AD1AF36227B8990009BDA20 /* Info.plist */,
			);
			path = FinalProjectTests;
			sourceTree = "<group>";
		};
		2AD1AF3E227B8990009BDA20 /* FinalProjectUITests */ = {
			isa = PBXGroup;
			children = (
				2AD1AF3F227B8990009BDA20 /* FinalProjectUITests.swift */,
				2AD1AF41227B8990009BDA20 /* Info.plist */,
			);
			path = FinalProjectUITests;
			sourceTree = "<group>";
		};
/* End PBXGroup section */

/* Begin PBXNativeTarget section */
		2AD1AF18227B898E009BDA20 /* FinalProject */ = {
			isa = PBXNativeTarget;
			buildConfigurationList = 2AD1AF44227B8990009BDA20 /* Build configuration list for PBXNativeTarget "FinalProject" */;
			buildPhases = (
				2AD1AF15227B898E009BDA20 /* Sources */,
				2AD1AF16227B898E009BDA20 /* Frameworks */,
				2AD1AF17227B898E009BDA20 /* Resources */,
			);
			buildRules = (
			);
			dependencies = (
			);
			name = FinalProject;
			productName = FinalProject;
			productReference = 2AD1AF19227B898E009BDA20 /* FinalProject.app */;
			productType = "com.apple.product-type.application";
		};
		2AD1AF2F227B8990009BDA20 /* FinalProjectTests */ = {
			isa = PBXNativeTarget;
			buildConfigurationList = 2AD1AF47227B8990009BDA20 /* Build configuration list for PBXNativeTarget "FinalProjectTests" */;
			buildPhases = (
				2AD1AF2C227B8990009BDA20 /* Sources */,
				2AD1AF2D227B8990009BDA20 /* Frameworks */,
				2AD1AF2E227B8990009BDA20 /* Resources */,
			);
			buildRules = (
			);
			dependencies = (
				2AD1AF32227B8990009BDA20 /* PBXTargetDependency */,
			);
			name = FinalProjectTests;
			productName = FinalProjectTests;
			productReference = 2AD1AF30227B8990009BDA20 /* FinalProjectTests.xctest */;
			productType = "com.apple.product-type.bundle.unit-test";
		};
		2AD1AF3A227B8990009BDA20 /* FinalProjectUITests */ = {
			isa = PBXNativeTarget;
			buildConfigurationList = 2AD1AF4A227B8990009BDA20 /* Build configuration list for PBXNativeTarget "FinalProjectUITests" */;
			buildPhases = (
				2AD1AF37227B8990009BDA20 /* Sources */,
				2AD1AF38227B8990009BDA20 /* Frameworks */,
				2AD1AF39227B8990009BDA20 /* Resources */,
			);
			buildRules = (
			);
			dependencies = (
				2AD1AF3D227B8990009BDA20 /* PBXTargetDependency */,
			);
			name = FinalProjectUITests;
			productName = FinalProjectUITests;
			productReference = 2AD1AF3B227B8990009BDA20 /* FinalProjectUITests.xctest */;
			productType = "com.apple.product-type.bundle.ui-testing";
		};
/* End PBXNativeTarget section */

/* Begin PBXProject section */
		2AD1AF11227B898E009BDA20 /* Project object */ = {
			isa = PBXProject;
			attributes = {
				LastSwiftUpdateCheck = 1010;
				LastUpgradeCheck = 1010;
				ORGANIZATIONNAME = "Kenny Casey";
				TargetAttributes = {
					2AD1AF18227B898E009BDA20 = {
						CreatedOnToolsVersion = 10.1;
					};
					2AD1AF2F227B8990009BDA20 = {
						CreatedOnToolsVersion = 10.1;
						TestTargetID = 2AD1AF18227B898E009BDA20;
					};
					2AD1AF3A227B8990009BDA20 = {
						CreatedOnToolsVersion = 10.1;
						TestTargetID = 2AD1AF18227B898E009BDA20;
					};
				};
			};
			buildConfigurationList = 2AD1AF14227B898E009BDA20 /* Build configuration list for PBXProject "FinalProject" */;
			compatibilityVersion = "Xcode 9.3";
			developmentRegion = en;
			hasScannedForEncodings = 0;
			knownRegions = (
				en,
				Base,
			);
			mainGroup = 2AD1AF10227B898E009BDA20;
			productRefGroup = 2AD1AF1A227B898E009BDA20 /* Products */;
			projectDirPath = "";
			projectRoot = "";
			targets = (
				2AD1AF18227B898E009BDA20 /* FinalProject */,
				2AD1AF2F227B8990009BDA20 /* FinalProjectTests */,
				2AD1AF3A227B8990009BDA20 /* FinalProjectUITests */,
			);
		};
/* End PBXProject section */

/* Begin PBXResourcesBuildPhase section */
		2AD1AF17227B898E009BDA20 /* Resources */ = {
			isa = PBXResourcesBuildPhase;
			buildActionMask = 2147483647;
			files = (
				2AD1AF2A227B8990009BDA20 /* LaunchScreen.storyboard in Resources */,
				2AD1AF27227B8990009BDA20 /* Assets.xcassets in Resources */,
				2AD1AF22227B898E009BDA20 /* Main.storyboard in Resources */,
			);
			runOnlyForDeploymentPostprocessing = 0;
		};
		2AD1AF2E227B8990009BDA20 /* Resources */ = {
			isa = PBXResourcesBuildPhase;
			buildActionMask = 2147483647;
			files = (
			);
			runOnlyForDeploymentPostprocessing = 0;
		};
		2AD1AF39227B8990009BDA20 /* Resources */ = {
			isa = PBXResourcesBuildPhase;
			buildActionMask = 2147483647;
			files = (
			);
			runOnlyForDeploymentPostprocessing = 0;
		};
/* End PBXResourcesBuildPhase section */

/* Begin PBXSourcesBuildPhase section */
		2AD1AF15227B898E009BDA20 /* Sources */ = {
			isa = PBXSourcesBuildPhase;
			buildActionMask = 2147483647;
			files = (
				2A552B67227E87F600A6EA92 /* MyStocksTableViewController.swift in Sources */,
				2A552B9E227FC30D00A6EA92 /* ModifyStockTableViewController.swift in Sources */,
				2A552B57227E65A000A6EA92 /* GLOBAL.swift in Sources */,
				2A552B5D227E7F1800A6EA92 /* AddStockTableViewCell.swift in Sources */,
				2AF48B90227BE7E5005FBA98 /* StockHistory.swift in Sources */,
				2A552B9A227F6CE300A6EA92 /* AddStockDetailModel.swift in Sources */,
				2A552B61227E7F3800A6EA92 /* ModifyStockTableViewCell.swift in Sources */,
				2AD1AF1D227B898E009BDA20 /* AppDelegate.swift in Sources */,
				2AF48B92227BF63B005FBA98 /* StockHistoryInterval.swift in Sources */,
				2AD1AF25227B898E009BDA20 /* FinalProject.xcdatamodeld in Sources */,
				2A552B96227F472400A6EA92 /* AddStockResultsTableViewCell.swift in Sources */,
				2A552B7E227E973700A6EA92 /* StockDetailModel.swift in Sources */,
				2A552B79227E95E300A6EA92 /* StockDetailViewController.swift in Sources */,
				2A552B88227E990C00A6EA92 /* AddStockViewController.swift in Sources */,
				2A552B65227E860A00A6EA92 /* MainModel.swift in Sources */,
				2A552B6D227E88C800A6EA92 /* StockTableViewCell.swift in Sources */,
				2A552BA2227FCBE400A6EA92 /* ModifyTableViewCell.swift in Sources */,
				2A552B92227E994A00A6EA92 /* ModifyStockModel.swift in Sources */,
				2A552B5B227E7DB500A6EA92 /* SettingsModel.swift in Sources */,
				2A552B98227F6CD300A6EA92 /* AddStockDetailViewController.swift in Sources */,
				2A552B8A227E991700A6EA92 /* AddStockModel.swift in Sources */,
				2A552B6B227E889F00A6EA92 /* PortfolioValueTableViewCell.swift in Sources */,
				2A552B63227E85DF00A6EA92 /* MainTabBarController.swift in Sources */,
				2A552B77227E95C500A6EA92 /* PortfolioValueViewController.swift in Sources */,
				2A552B69227E883400A6EA92 /* MyStocksModel.swift in Sources */,
				2AF48B8E227BE787005FBA98 /* Stock.swift in Sources */,
				2AD1AF4E227B8CCB009BDA20 /* SwiftyJSON.swift in Sources */,
				2A552B7C227E971A00A6EA92 /* PortfolioModel.swift in Sources */,
				2A552B59227E7D9600A6EA92 /* SettingsTableViewController.swift in Sources */,
			);
			runOnlyForDeploymentPostprocessing = 0;
		};
		2AD1AF2C227B8990009BDA20 /* Sources */ = {
			isa = PBXSourcesBuildPhase;
			buildActionMask = 2147483647;
			files = (
				2AD1AF35227B8990009BDA20 /* FinalProjectTests.swift in Sources */,
			);
			runOnlyForDeploymentPostprocessing = 0;
		};
		2AD1AF37227B8990009BDA20 /* Sources */ = {
			isa = PBXSourcesBuildPhase;
			buildActionMask = 2147483647;
			files = (
				2AD1AF40227B8990009BDA20 /* FinalProjectUITests.swift in Sources */,
			);
			runOnlyForDeploymentPostprocessing = 0;
		};
/* End PBXSourcesBuildPhase section */

/* Begin PBXTargetDependency section */
		2AD1AF32227B8990009BDA20 /* PBXTargetDependency */ = {
			isa = PBXTargetDependency;
			target = 2AD1AF18227B898E009BDA20 /* FinalProject */;
			targetProxy = 2AD1AF31227B8990009BDA20 /* PBXContainerItemProxy */;
		};
		2AD1AF3D227B8990009BDA20 /* PBXTargetDependency */ = {
			isa = PBXTargetDependency;
			target = 2AD1AF18227B898E009BDA20 /* FinalProject */;
			targetProxy = 2AD1AF3C227B8990009BDA20 /* PBXContainerItemProxy */;
		};
/* End PBXTargetDependency section */

/* Begin PBXVariantGroup section */
		2AD1AF20227B898E009BDA20 /* Main.storyboard */ = {
			isa = PBXVariantGroup;
			children = (
				2AD1AF21227B898E009BDA20 /* Base */,
			);
			name = Main.storyboard;
			sourceTree = "<group>";
		};
		2AD1AF28227B8990009BDA20 /* LaunchScreen.storyboard */ = {
			isa = PBXVariantGroup;
			children = (
				2AD1AF29227B8990009BDA20 /* Base */,
			);
			name = LaunchScreen.storyboard;
			sourceTree = "<group>";
		};
/* End PBXVariantGroup section */

/* Begin XCBuildConfiguration section */
		2AD1AF42227B8990009BDA20 /* Debug */ = {
			isa = XCBuildConfiguration;
			buildSettings = {
				ALWAYS_SEARCH_USER_PATHS = NO;
				CLANG_ANALYZER_NONNULL = YES;
				CLANG_ANALYZER_NUMBER_OBJECT_CONVERSION = YES_AGGRESSIVE;
				CLANG_CXX_LANGUAGE_STANDARD = "gnu++14";
				CLANG_CXX_LIBRARY = "libc++";
				CLANG_ENABLE_MODULES = YES;
				CLANG_ENABLE_OBJC_ARC = YES;
				CLANG_ENABLE_OBJC_WEAK = YES;
				CLANG_WARN_BLOCK_CAPTURE_AUTORELEASING = YES;
				CLANG_WARN_BOOL_CONVERSION = YES;
				CLANG_WARN_COMMA = YES;
				CLANG_WARN_CONSTANT_CONVERSION = YES;
				CLANG_WARN_DEPRECATED_OBJC_IMPLEMENTATIONS = YES;
				CLANG_WARN_DIRECT_OBJC_ISA_USAGE = YES_ERROR;
				CLANG_WARN_DOCUMENTATION_COMMENTS = YES;
				CLANG_WARN_EMPTY_BODY = YES;
				CLANG_WARN_ENUM_CONVERSION = YES;
				CLANG_WARN_INFINITE_RECURSION = YES;
				CLANG_WARN_INT_CONVERSION = YES;
				CLANG_WARN_NON_LITERAL_NULL_CONVERSION = YES;
				CLANG_WARN_OBJC_IMPLICIT_RETAIN_SELF = YES;
				CLANG_WARN_OBJC_LITERAL_CONVERSION = YES;
				CLANG_WARN_OBJC_ROOT_CLASS = YES_ERROR;
				CLANG_WARN_RANGE_LOOP_ANALYSIS = YES;
				CLANG_WARN_STRICT_PROTOTYPES = YES;
				CLANG_WARN_SUSPICIOUS_MOVE = YES;
				CLANG_WARN_UNGUARDED_AVAILABILITY = YES_AGGRESSIVE;
				CLANG_WARN_UNREACHABLE_CODE = YES;
				CLANG_WARN__DUPLICATE_METHOD_MATCH = YES;
				CODE_SIGN_IDENTITY = "iPhone Developer";
				COPY_PHASE_STRIP = NO;
				DEBUG_INFORMATION_FORMAT = dwarf;
				ENABLE_STRICT_OBJC_MSGSEND = YES;
				ENABLE_TESTABILITY = YES;
				GCC_C_LANGUAGE_STANDARD = gnu11;
				GCC_DYNAMIC_NO_PIC = NO;
				GCC_NO_COMMON_BLOCKS = YES;
				GCC_OPTIMIZATION_LEVEL = 0;
				GCC_PREPROCESSOR_DEFINITIONS = (
					"DEBUG=1",
					"$(inherited)",
				);
				GCC_WARN_64_TO_32_BIT_CONVERSION = YES;
				GCC_WARN_ABOUT_RETURN_TYPE = YES_ERROR;
				GCC_WARN_UNDECLARED_SELECTOR = YES;
				GCC_WARN_UNINITIALIZED_AUTOS = YES_AGGRESSIVE;
				GCC_WARN_UNUSED_FUNCTION = YES;
				GCC_WARN_UNUSED_VARIABLE = YES;
				IPHONEOS_DEPLOYMENT_TARGET = 12.1;
				MTL_ENABLE_DEBUG_INFO = INCLUDE_SOURCE;
				MTL_FAST_MATH = YES;
				ONLY_ACTIVE_ARCH = YES;
				SDKROOT = iphoneos;
				SWIFT_ACTIVE_COMPILATION_CONDITIONS = DEBUG;
				SWIFT_OPTIMIZATION_LEVEL = "-Onone";
			};
			name = Debug;
		};
		2AD1AF43227B8990009BDA20 /* Release */ = {
			isa = XCBuildConfiguration;
			buildSettings = {
				ALWAYS_SEARCH_USER_PATHS = NO;
				CLANG_ANALYZER_NONNULL = YES;
				CLANG_ANALYZER_NUMBER_OBJECT_CONVERSION = YES_AGGRESSIVE;
				CLANG_CXX_LANGUAGE_STANDARD = "gnu++14";
				CLANG_CXX_LIBRARY = "libc++";
				CLANG_ENABLE_MODULES = YES;
				CLANG_ENABLE_OBJC_ARC = YES;
				CLANG_ENABLE_OBJC_WEAK = YES;
				CLANG_WARN_BLOCK_CAPTURE_AUTORELEASING = YES;
				CLANG_WARN_BOOL_CONVERSION = YES;
				CLANG_WARN_COMMA = YES;
				CLANG_WARN_CONSTANT_CONVERSION = YES;
				CLANG_WARN_DEPRECATED_OBJC_IMPLEMENTATIONS = YES;
				CLANG_WARN_DIRECT_OBJC_ISA_USAGE = YES_ERROR;
				CLANG_WARN_DOCUMENTATION_COMMENTS = YES;
				CLANG_WARN_EMPTY_BODY = YES;
				CLANG_WARN_ENUM_CONVERSION = YES;
				CLANG_WARN_INFINITE_RECURSION = YES;
				CLANG_WARN_INT_CONVERSION = YES;
				CLANG_WARN_NON_LITERAL_NULL_CONVERSION = YES;
				CLANG_WARN_OBJC_IMPLICIT_RETAIN_SELF = YES;
				CLANG_WARN_OBJC_LITERAL_CONVERSION = YES;
				CLANG_WARN_OBJC_ROOT_CLASS = YES_ERROR;
				CLANG_WARN_RANGE_LOOP_ANALYSIS = YES;
				CLANG_WARN_STRICT_PROTOTYPES = YES;
				CLANG_WARN_SUSPICIOUS_MOVE = YES;
				CLANG_WARN_UNGUARDED_AVAILABILITY = YES_AGGRESSIVE;
				CLANG_WARN_UNREACHABLE_CODE = YES;
				CLANG_WARN__DUPLICATE_METHOD_MATCH = YES;
				CODE_SIGN_IDENTITY = "iPhone Developer";
				COPY_PHASE_STRIP = NO;
				DEBUG_INFORMATION_FORMAT = "dwarf-with-dsym";
				ENABLE_NS_ASSERTIONS = NO;
				ENABLE_STRICT_OBJC_MSGSEND = YES;
				GCC_C_LANGUAGE_STANDARD = gnu11;
				GCC_NO_COMMON_BLOCKS = YES;
				GCC_WARN_64_TO_32_BIT_CONVERSION = YES;
				GCC_WARN_ABOUT_RETURN_TYPE = YES_ERROR;
				GCC_WARN_UNDECLARED_SELECTOR = YES;
				GCC_WARN_UNINITIALIZED_AUTOS = YES_AGGRESSIVE;
				GCC_WARN_UNUSED_FUNCTION = YES;
				GCC_WARN_UNUSED_VARIABLE = YES;
				IPHONEOS_DEPLOYMENT_TARGET = 12.1;
				MTL_ENABLE_DEBUG_INFO = NO;
				MTL_FAST_MATH = YES;
				SDKROOT = iphoneos;
				SWIFT_COMPILATION_MODE = wholemodule;
				SWIFT_OPTIMIZATION_LEVEL = "-O";
				VALIDATE_PRODUCT = YES;
			};
			name = Release;
		};
		2AD1AF45227B8990009BDA20 /* Debug */ = {
			isa = XCBuildConfiguration;
			buildSettings = {
				ASSETCATALOG_COMPILER_APPICON_NAME = AppIcon;
				CODE_SIGN_STYLE = Automatic;
				DEVELOPMENT_TEAM = D63Y25K82T;
				INFOPLIST_FILE = FinalProject/Info.plist;
				LD_RUNPATH_SEARCH_PATHS = (
					"$(inherited)",
					"@executable_path/Frameworks",
				);
				PRODUCT_BUNDLE_IDENTIFIER = j.FinalProject;
				PRODUCT_NAME = "$(TARGET_NAME)";
				SWIFT_VERSION = 4.2;
				TARGETED_DEVICE_FAMILY = "1,2";
			};
			name = Debug;
		};
		2AD1AF46227B8990009BDA20 /* Release */ = {
			isa = XCBuildConfiguration;
			buildSettings = {
				ASSETCATALOG_COMPILER_APPICON_NAME = AppIcon;
				CODE_SIGN_STYLE = Automatic;
				DEVELOPMENT_TEAM = D63Y25K82T;
				INFOPLIST_FILE = FinalProject/Info.plist;
				LD_RUNPATH_SEARCH_PATHS = (
					"$(inherited)",
					"@executable_path/Frameworks",
				);
				PRODUCT_BUNDLE_IDENTIFIER = j.FinalProject;
				PRODUCT_NAME = "$(TARGET_NAME)";
				SWIFT_VERSION = 4.2;
				TARGETED_DEVICE_FAMILY = "1,2";
			};
			name = Release;
		};
		2AD1AF48227B8990009BDA20 /* Debug */ = {
			isa = XCBuildConfiguration;
			buildSettings = {
				ALWAYS_EMBED_SWIFT_STANDARD_LIBRARIES = YES;
				BUNDLE_LOADER = "$(TEST_HOST)";
				CODE_SIGN_STYLE = Automatic;
				DEVELOPMENT_TEAM = D63Y25K82T;
				INFOPLIST_FILE = FinalProjectTests/Info.plist;
				LD_RUNPATH_SEARCH_PATHS = (
					"$(inherited)",
					"@executable_path/Frameworks",
					"@loader_path/Frameworks",
				);
				PRODUCT_BUNDLE_IDENTIFIER = j.FinalProjectTests;
				PRODUCT_NAME = "$(TARGET_NAME)";
				SWIFT_VERSION = 4.2;
				TARGETED_DEVICE_FAMILY = "1,2";
				TEST_HOST = "$(BUILT_PRODUCTS_DIR)/FinalProject.app/FinalProject";
			};
			name = Debug;
		};
		2AD1AF49227B8990009BDA20 /* Release */ = {
			isa = XCBuildConfiguration;
			buildSettings = {
				ALWAYS_EMBED_SWIFT_STANDARD_LIBRARIES = YES;
				BUNDLE_LOADER = "$(TEST_HOST)";
				CODE_SIGN_STYLE = Automatic;
				DEVELOPMENT_TEAM = D63Y25K82T;
				INFOPLIST_FILE = FinalProjectTests/Info.plist;
				LD_RUNPATH_SEARCH_PATHS = (
					"$(inherited)",
					"@executable_path/Frameworks",
					"@loader_path/Frameworks",
				);
				PRODUCT_BUNDLE_IDENTIFIER = j.FinalProjectTests;
				PRODUCT_NAME = "$(TARGET_NAME)";
				SWIFT_VERSION = 4.2;
				TARGETED_DEVICE_FAMILY = "1,2";
				TEST_HOST = "$(BUILT_PRODUCTS_DIR)/FinalProject.app/FinalProject";
			};
			name = Release;
		};
		2AD1AF4B227B8990009BDA20 /* Debug */ = {
			isa = XCBuildConfiguration;
			buildSettings = {
				ALWAYS_EMBED_SWIFT_STANDARD_LIBRARIES = YES;
				CODE_SIGN_STYLE = Automatic;
				DEVELOPMENT_TEAM = D63Y25K82T;
				INFOPLIST_FILE = FinalProjectUITests/Info.plist;
				LD_RUNPATH_SEARCH_PATHS = (
					"$(inherited)",
					"@executable_path/Frameworks",
					"@loader_path/Frameworks",
				);
				PRODUCT_BUNDLE_IDENTIFIER = j.FinalProjectUITests;
				PRODUCT_NAME = "$(TARGET_NAME)";
				SWIFT_VERSION = 4.2;
				TARGETED_DEVICE_FAMILY = "1,2";
				TEST_TARGET_NAME = FinalProject;
			};
			name = Debug;
		};
		2AD1AF4C227B8990009BDA20 /* Release */ = {
			isa = XCBuildConfiguration;
			buildSettings = {
				ALWAYS_EMBED_SWIFT_STANDARD_LIBRARIES = YES;
				CODE_SIGN_STYLE = Automatic;
				DEVELOPMENT_TEAM = D63Y25K82T;
				INFOPLIST_FILE = FinalProjectUITests/Info.plist;
				LD_RUNPATH_SEARCH_PATHS = (
					"$(inherited)",
					"@executable_path/Frameworks",
					"@loader_path/Frameworks",
				);
				PRODUCT_BUNDLE_IDENTIFIER = j.FinalProjectUITests;
				PRODUCT_NAME = "$(TARGET_NAME)";
				SWIFT_VERSION = 4.2;
				TARGETED_DEVICE_FAMILY = "1,2";
				TEST_TARGET_NAME = FinalProject;
			};
			name = Release;
		};
/* End XCBuildConfiguration section */

/* Begin XCConfigurationList section */
		2AD1AF14227B898E009BDA20 /* Build configuration list for PBXProject "FinalProject" */ = {
			isa = XCConfigurationList;
			buildConfigurations = (
				2AD1AF42227B8990009BDA20 /* Debug */,
				2AD1AF43227B8990009BDA20 /* Release */,
			);
			defaultConfigurationIsVisible = 0;
			defaultConfigurationName = Release;
		};
		2AD1AF44227B8990009BDA20 /* Build configuration list for PBXNativeTarget "FinalProject" */ = {
			isa = XCConfigurationList;
			buildConfigurations = (
				2AD1AF45227B8990009BDA20 /* Debug */,
				2AD1AF46227B8990009BDA20 /* Release */,
			);
			defaultConfigurationIsVisible = 0;
			defaultConfigurationName = Release;
		};
		2AD1AF47227B8990009BDA20 /* Build configuration list for PBXNativeTarget "FinalProjectTests" */ = {
			isa = XCConfigurationList;
			buildConfigurations = (
				2AD1AF48227B8990009BDA20 /* Debug */,
				2AD1AF49227B8990009BDA20 /* Release */,
			);
			defaultConfigurationIsVisible = 0;
			defaultConfigurationName = Release;
		};
		2AD1AF4A227B8990009BDA20 /* Build configuration list for PBXNativeTarget "FinalProjectUITests" */ = {
			isa = XCConfigurationList;
			buildConfigurations = (
				2AD1AF4B227B8990009BDA20 /* Debug */,
				2AD1AF4C227B8990009BDA20 /* Release */,
			);
			defaultConfigurationIsVisible = 0;
			defaultConfigurationName = Release;
		};
/* End XCConfigurationList section */

/* Begin XCVersionGroup section */
		2AD1AF23227B898E009BDA20 /* FinalProject.xcdatamodeld */ = {
			isa = XCVersionGroup;
			children = (
				2AD1AF24227B898E009BDA20 /* FinalProject.xcdatamodel */,
			);
			currentVersion = 2AD1AF24227B898E009BDA20 /* FinalProject.xcdatamodel */;
			path = FinalProject.xcdatamodeld;
			sourceTree = "<group>";
			versionGroupType = wrapper.xcdatamodel;
		};
/* End XCVersionGroup section */
	};
	rootObject = 2AD1AF11227B898E009BDA20 /* Project object */;
}
